
Microsoft Visual Studio Solution File, Format Version 12.00
# Visual Studio Version 16
VisualStudioVersion = 16.0.31205.134
MinimumVisualStudioVersion = 10.0.40219.1
Project("{FAE04EC0-301F-11D3-BF4B-00C04F79EFBC}") = "Pizza Parlour", "Pizza Parlour\Pizza Parlour.csproj", "{09350B95-29D4-4BC6-997F-1A329508D388}"
EndProject
Global
	GlobalSection(SolutionConfigurationPlatforms) = preSolution
		Debug|Any CPU = Debug|Any CPU
		Release|Any CPU = Release|Any CPU
	EndGlobalSection
	GlobalSection(ProjectConfigurationPlatforms) = postSolution
		{09350B95-29D4-4BC6-997F-1A329508D388}.Debug|Any CPU.ActiveCfg = Debug|Any CPU
		{09350B95-29D4-4BC6-997F-1A329508D388}.Debug|Any CPU.Build.0 = Debug|Any CPU
		{09350B95-29D4-4BC6-997F-1A329508D388}.Release|Any CPU.ActiveCfg = Release|Any CPU
		{09350B95-29D4-4BC6-997F-1A329508D388}.Release|Any CPU.Build.0 = Release|Any CPU
	EndGlobalSection
	GlobalSection(SolutionProperties) = preSolution
		HideSolutionNode = FALSE
	EndGlobalSection
	GlobalSection(ExtensibilityGlobals) = postSolution
		SolutionGuid = {68748999-61FD-45CD-A681-250E9D06378F}
	EndGlobalSection
EndGlobal
